{
  "object": {
    "pins": [
      {
        "package": "CryptorRSA",
        "repositoryURL": "https://github.com/IBM-Swift/BlueRSA",
        "state": {
          "branch": null,
          "revision": "241ea93df2c44f85da3fcf6b704b029b1bcc138d",
          "version": "1.0.31"
        }
      },
      {
        "package": "CryptoSwift",
        "repositoryURL": "https://github.com/krzyzanowskim/CryptoSwift.git",
        "state": {
          "branch": null,
          "revision": "3a2acbb32ab68215ee1596ee6004da8e90c3721b",
          "version": "1.0.0"
        }
      }
    ]
  },
  "version": 1
}
